
Microsoft Visual Studio Solution File, Format Version 12.00
# Visual Studio 14
VisualStudioVersion = 14.0.24720.0
MinimumVisualStudioVersion = 10.0.40219.1
Project("{9092AA53-FB77-4645-B42D-1CCCA6BD08BD}") = "Node API Play by Play", "Node API Play by Play.njsproj", "{B96C7116-90D6-44E6-AC16-A6B704C5F5AD}"
EndProject
Global
	GlobalSection(SolutionConfigurationPlatforms) = preSolution
		Debug|Any CPU = Debug|Any CPU
		Release|Any CPU = Release|Any CPU
	EndGlobalSection
	GlobalSection(ProjectConfigurationPlatforms) = postSolution
		{B96C7116-90D6-44E6-AC16-A6B704C5F5AD}.Debug|Any CPU.ActiveCfg = Debug|Any CPU
		{B96C7116-90D6-44E6-AC16-A6B704C5F5AD}.Debug|Any CPU.Build.0 = Debug|Any CPU
		{B96C7116-90D6-44E6-AC16-A6B704C5F5AD}.Release|Any CPU.ActiveCfg = Release|Any CPU
		{B96C7116-90D6-44E6-AC16-A6B704C5F5AD}.Release|Any CPU.Build.0 = Release|Any CPU
	EndGlobalSection
	GlobalSection(SolutionProperties) = preSolution
		HideSolutionNode = FALSE
	EndGlobalSection
EndGlobal
